// !$*UTF8*$!
{
	archiveVersion = 1;
	classes = {
	};
	objectVersion = 77;
	objects = {

/* Begin PBXBuildFile section */
		0242DB74633BC7DF401D0017 /* Assets.xcassets in Resources */ = {isa = PBXBuildFile; fileRef = D71219BCC61FA944E66EE72E /* Assets.xcassets */; };
		20B4A723A593A6351B899CEB /* APIClient.swift in Sources */ = {isa = PBXBuildFile; fileRef = 6D1B306CBDA7E601AE3E9E66 /* APIClient.swift */; };
		28D0FB2D1117845C7AE4A62F /* ProfileModel.swift in Sources */ = {isa = PBXBuildFile; fileRef = 6A3BC8ADC163DA250CBC8B2B /* ProfileModel.swift */; };
		45F131451CC8DAE19D1D51ED /* SignInFlowView.swift in Sources */ = {isa = PBXBuildFile; fileRef = 6536C1DCB094EC7F3D906E36 /* SignInFlowView.swift */; };
		4F1A42A6D180F6B862DE43E7 /* AddWeightEntryView.swift in Sources */ = {isa = PBXBuildFile; fileRef = 70D970E1A5F21A56FAE407FF /* AddWeightEntryView.swift */; };
		5470DAF426D4765F50EE9866 /* KeychainService.swift in Sources */ = {isa = PBXBuildFile; fileRef = DCCB5B42B2E11E6028D0E868 /* KeychainService.swift */; };
		5523984C481A62D939BA73D2 /* DecimalString.swift in Sources */ = {isa = PBXBuildFile; fileRef = AD0C213FD163291617C0D738 /* DecimalString.swift */; };
		55D2D0A5D00F371500708C15 /* AuthRequests.swift in Sources */ = {isa = PBXBuildFile; fileRef = 4B1B6F6B98D31DC0EEE5F327 /* AuthRequests.swift */; };
		5B74222BC1BEA62FDB1E45F0 /* VerifyEmailView.swift in Sources */ = {isa = PBXBuildFile; fileRef = 59EB5BAD2756505E60042B77 /* VerifyEmailView.swift */; };
		732448703710822D4BFE5A45 /* WeightListView.swift in Sources */ = {isa = PBXBuildFile; fileRef = 403F31252CCE383001F30323 /* WeightListView.swift */; };
		7DDE4F42EC9B1BD0A1EB7AED /* LinkPasswordView.swift in Sources */ = {isa = PBXBuildFile; fileRef = DAB64248363A4A23ED6DDC98 /* LinkPasswordView.swift */; };
		7E63EB71BEEF8EB8AABB29CD /* CompleteProfileView.swift in Sources */ = {isa = PBXBuildFile; fileRef = 2E9FEBF0591B288CEAB87953 /* CompleteProfileView.swift */; };
		838E9D07C697D25BC9A758C8 /* ZeddiusApp.swift in Sources */ = {isa = PBXBuildFile; fileRef = 3CCED902C5B19F8B4B80379F /* ZeddiusApp.swift */; };
		92DF82A4E1A33E0AD7980C0F /* AuthService.swift in Sources */ = {isa = PBXBuildFile; fileRef = 2304D05522F923DB2EBFB3A0 /* AuthService.swift */; };
		9FCA57B52BFF53D2D9F29D2C /* WeightLog.swift in Sources */ = {isa = PBXBuildFile; fileRef = 60A1E78B79D26614BCEFB267 /* WeightLog.swift */; };
		B29461251955161C674A5A31 /* ProfileView.swift in Sources */ = {isa = PBXBuildFile; fileRef = F2DA59CB9C737F8CC037C33F /* ProfileView.swift */; };
		B33380219CC8CCC106FF1FCB /* SignInView.swift in Sources */ = {isa = PBXBuildFile; fileRef = 55E6EC8B7696BBDFD331B15D /* SignInView.swift */; };
		BE86522D44816934313D6AA0 /* User.swift in Sources */ = {isa = PBXBuildFile; fileRef = BC0A6135AAE26E41C2821211 /* User.swift */; };
		C123ACC869A07E05BE3722C6 /* RootView.swift in Sources */ = {isa = PBXBuildFile; fileRef = EAEC3D55CF83083D08193020 /* RootView.swift */; };
		CB9D9D796BDD6D7F47406002 /* MainTabView.swift in Sources */ = {isa = PBXBuildFile; fileRef = ECEFB97BDE746AB52BBD3863 /* MainTabView.swift */; };
		DC21A52731232472B0DB775E /* AuthFlowModel.swift in Sources */ = {isa = PBXBuildFile; fileRef = 0DB3CD78E23CAF4696C33076 /* AuthFlowModel.swift */; };
		E06E1EC56241429FFAC1D587 /* EmailAuthView.swift in Sources */ = {isa = PBXBuildFile; fileRef = 3E57F45546516FA4A12D42B6 /* EmailAuthView.swift */; };
		ED2A5BD29E084283D45B89B3 /* Coding.swift in Sources */ = {isa = PBXBuildFile; fileRef = 314027888A8249D964A9ADD1 /* Coding.swift */; };
		F709C323589A15FC687AEFA9 /* APIError.swift in Sources */ = {isa = PBXBuildFile; fileRef = 09F33976979CEC5BF4B69E74 /* APIError.swift */; };
		FA3851BF42DC747EE23A362F /* WeightLogModel.swift in Sources */ = {isa = PBXBuildFile; fileRef = 733A272C53D569703E2E4320 /* WeightLogModel.swift */; };
/* End PBXBuildFile section */

/* Begin PBXFileReference section */
		09F33976979CEC5BF4B69E74 /* APIError.swift */ = {isa = PBXFileReference; lastKnownFileType = sourcecode.swift; path = APIError.swift; sourceTree = "<group>"; };
		0DB3CD78E23CAF4696C33076 /* AuthFlowModel.swift */ = {isa = PBXFileReference; lastKnownFileType = sourcecode.swift; path = AuthFlowModel.swift; sourceTree = "<group>"; };
		2304D05522F923DB2EBFB3A0 /* AuthService.swift */ = {isa = PBXFileReference; lastKnownFileType = sourcecode.swift; path = AuthService.swift; sourceTree = "<group>"; };
		2E9FEBF0591B288CEAB87953 /* CompleteProfileView.swift */ = {isa = PBXFileReference; lastKnownFileType = sourcecode.swift; path = CompleteProfileView.swift; sourceTree = "<group>"; };
		314027888A8249D964A9ADD1 /* Coding.swift */ = {isa = PBXFileReference; lastKnownFileType = sourcecode.swift; path = Coding.swift; sourceTree = "<group>"; };
		3CCED902C5B19F8B4B80379F /* ZeddiusApp.swift */ = {isa = PBXFileReference; lastKnownFileType = sourcecode.swift; path = ZeddiusApp.swift; sourceTree = "<group>"; };
		3E57F45546516FA4A12D42B6 /* EmailAuthView.swift */ = {isa = PBXFileReference; lastKnownFileType = sourcecode.swift; path = EmailAuthView.swift; sourceTree = "<group>"; };
		403F31252CCE383001F30323 /* WeightListView.swift */ = {isa = PBXFileReference; lastKnownFileType = sourcecode.swift; path = WeightListView.swift; sourceTree = "<group>"; };
		450AB58123CB6F5BA7BD6945 /* Dev.xcconfig */ = {isa = PBXFileReference; lastKnownFileType = text.xcconfig; path = Dev.xcconfig; sourceTree = "<group>"; };
		4B1B6F6B98D31DC0EEE5F327 /* AuthRequests.swift */ = {isa = PBXFileReference; lastKnownFileType = sourcecode.swift; path = AuthRequests.swift; sourceTree = "<group>"; };
		55E6EC8B7696BBDFD331B15D /* SignInView.swift */ = {isa = PBXFileReference; lastKnownFileType = sourcecode.swift; path = SignInView.swift; sourceTree = "<group>"; };
		59EB5BAD2756505E60042B77 /* VerifyEmailView.swift */ = {isa = PBXFileReference; lastKnownFileType = sourcecode.swift; path = VerifyEmailView.swift; sourceTree = "<group>"; };
		60A1E78B79D26614BCEFB267 /* WeightLog.swift */ = {isa = PBXFileReference; lastKnownFileType = sourcecode.swift; path = WeightLog.swift; sourceTree = "<group>"; };
		6536C1DCB094EC7F3D906E36 /* SignInFlowView.swift */ = {isa = PBXFileReference; lastKnownFileType = sourcecode.swift; path = SignInFlowView.swift; sourceTree = "<group>"; };
		6A3BC8ADC163DA250CBC8B2B /* ProfileModel.swift */ = {isa = PBXFileReference; lastKnownFileType = sourcecode.swift; path = ProfileModel.swift; sourceTree = "<group>"; };
		6D1B306CBDA7E601AE3E9E66 /* APIClient.swift */ = {isa = PBXFileReference; lastKnownFileType = sourcecode.swift; path = APIClient.swift; sourceTree = "<group>"; };
		70D970E1A5F21A56FAE407FF /* AddWeightEntryView.swift */ = {isa = PBXFileReference; lastKnownFileType = sourcecode.swift; path = AddWeightEntryView.swift; sourceTree = "<group>"; };
		72E0AB4B980EB0FC87C31206 /* Zeddius.app */ = {isa = PBXFileReference; includeInIndex = 0; lastKnownFileType = wrapper.application; path = Zeddius.app; sourceTree = BUILT_PRODUCTS_DIR; };
		733A272C53D569703E2E4320 /* WeightLogModel.swift */ = {isa = PBXFileReference; lastKnownFileType = sourcecode.swift; path = WeightLogModel.swift; sourceTree = "<group>"; };
		81579086A8ACE78131F28957 /* Info.plist */ = {isa = PBXFileReference; lastKnownFileType = text.plist; path = Info.plist; sourceTree = "<group>"; };
		939C0E7AFE701BE45904BD4E /* Zeddius.entitlements */ = {isa = PBXFileReference; lastKnownFileType = text.plist.entitlements; path = Zeddius.entitlements; sourceTree = "<group>"; };
		AD0C213FD163291617C0D738 /* DecimalString.swift */ = {isa = PBXFileReference; lastKnownFileType = sourcecode.swift; path = DecimalString.swift; sourceTree = "<group>"; };
		BC0A6135AAE26E41C2821211 /* User.swift */ = {isa = PBXFileReference; lastKnownFileType = sourcecode.swift; path = User.swift; sourceTree = "<group>"; };
		C97E4EB8C45148F0177710CF /* Prod.xcconfig */ = {isa = PBXFileReference; lastKnownFileType = text.xcconfig; path = Prod.xcconfig; sourceTree = "<group>"; };
		D71219BCC61FA944E66EE72E /* Assets.xcassets */ = {isa = PBXFileReference; lastKnownFileType = folder.assetcatalog; path = Assets.xcassets; sourceTree = "<group>"; };
		DAB64248363A4A23ED6DDC98 /* LinkPasswordView.swift */ = {isa = PBXFileReference; lastKnownFileType = sourcecode.swift; path = LinkPasswordView.swift; sourceTree = "<group>"; };
		DCCB5B42B2E11E6028D0E868 /* KeychainService.swift */ = {isa = PBXFileReference; lastKnownFileType = sourcecode.swift; path = KeychainService.swift; sourceTree = "<group>"; };
		EAEC3D55CF83083D08193020 /* RootView.swift */ = {isa = PBXFileReference; lastKnownFileType = sourcecode.swift; path = RootView.swift; sourceTree = "<group>"; };
		ECEFB97BDE746AB52BBD3863 /* MainTabView.swift */ = {isa = PBXFileReference; lastKnownFileType = sourcecode.swift; path = MainTabView.swift; sourceTree = "<group>"; };
		F2DA59CB9C737F8CC037C33F /* ProfileView.swift */ = {isa = PBXFileReference; lastKnownFileType = sourcecode.swift; path = ProfileView.swift; sourceTree = "<group>"; };
/* End PBXFileReference section */

/* Begin PBXGroup section */
		08490D69139795E0213A54BE /* Models */ = {
			isa = PBXGroup;
			children = (
				09F33976979CEC5BF4B69E74 /* APIError.swift */,
				4B1B6F6B98D31DC0EEE5F327 /* AuthRequests.swift */,
				AD0C213FD163291617C0D738 /* DecimalString.swift */,
				BC0A6135AAE26E41C2821211 /* User.swift */,
				60A1E78B79D26614BCEFB267 /* WeightLog.swift */,
			);
			path = Models;
			sourceTree = "<group>";
		};
		10898A2F6DECB84B917F78A6 /* Weight */ = {
			isa = PBXGroup;
			children = (
				70D970E1A5F21A56FAE407FF /* AddWeightEntryView.swift */,
				403F31252CCE383001F30323 /* WeightListView.swift */,
				733A272C53D569703E2E4320 /* WeightLogModel.swift */,
			);
			path = Weight;
			sourceTree = "<group>";
		};
		1A21E0A9E5D9CE5CE4394C70 /* Features */ = {
			isa = PBXGroup;
			children = (
				E8D2CB87C98B2EDE7EC49ABC /* Auth */,
				7BC1D357026525531BFD0C25 /* Home */,
				5AC4AC46AC3FFDF21F6F5B3F /* Profile */,
				10898A2F6DECB84B917F78A6 /* Weight */,
			);
			path = Features;
			sourceTree = "<group>";
		};
		20F869DD0675720BBBC607B0 = {
			isa = PBXGroup;
			children = (
				4CC12BF2F97631F7C932AA46 /* Config */,
				E2815C675E0560B36650576B /* Zeddius */,
				8A9AB052A2DD01BD72C48129 /* Products */,
			);
			sourceTree = "<group>";
		};
		4CC12BF2F97631F7C932AA46 /* Config */ = {
			isa = PBXGroup;
			children = (
				450AB58123CB6F5BA7BD6945 /* Dev.xcconfig */,
				C97E4EB8C45148F0177710CF /* Prod.xcconfig */,
			);
			path = Config;
			sourceTree = "<group>";
		};
		595E3F738B02221F21FC7CF0 /* Services */ = {
			isa = PBXGroup;
			children = (
				6D1B306CBDA7E601AE3E9E66 /* APIClient.swift */,
				2304D05522F923DB2EBFB3A0 /* AuthService.swift */,
				314027888A8249D964A9ADD1 /* Coding.swift */,
				DCCB5B42B2E11E6028D0E868 /* KeychainService.swift */,
			);
			path = Services;
			sourceTree = "<group>";
		};
		5AC4AC46AC3FFDF21F6F5B3F /* Profile */ = {
			isa = PBXGroup;
			children = (
				6A3BC8ADC163DA250CBC8B2B /* ProfileModel.swift */,
				F2DA59CB9C737F8CC037C33F /* ProfileView.swift */,
			);
			path = Profile;
			sourceTree = "<group>";
		};
		7BC1D357026525531BFD0C25 /* Home */ = {
			isa = PBXGroup;
			children = (
				ECEFB97BDE746AB52BBD3863 /* MainTabView.swift */,
			);
			path = Home;
			sourceTree = "<group>";
		};
		8A9AB052A2DD01BD72C48129 /* Products */ = {
			isa = PBXGroup;
			children = (
				72E0AB4B980EB0FC87C31206 /* Zeddius.app */,
			);
			name = Products;
			sourceTree = "<group>";
		};
		E2815C675E0560B36650576B /* Zeddius */ = {
			isa = PBXGroup;
			children = (
				D71219BCC61FA944E66EE72E /* Assets.xcassets */,
				81579086A8ACE78131F28957 /* Info.plist */,
				EAEC3D55CF83083D08193020 /* RootView.swift */,
				939C0E7AFE701BE45904BD4E /* Zeddius.entitlements */,
				3CCED902C5B19F8B4B80379F /* ZeddiusApp.swift */,
				1A21E0A9E5D9CE5CE4394C70 /* Features */,
				08490D69139795E0213A54BE /* Models */,
				595E3F738B02221F21FC7CF0 /* Services */,
			);
			path = Zeddius;
			sourceTree = "<group>";
		};
		E8D2CB87C98B2EDE7EC49ABC /* Auth */ = {
			isa = PBXGroup;
			children = (
				0DB3CD78E23CAF4696C33076 /* AuthFlowModel.swift */,
				2E9FEBF0591B288CEAB87953 /* CompleteProfileView.swift */,
				3E57F45546516FA4A12D42B6 /* EmailAuthView.swift */,
				DAB64248363A4A23ED6DDC98 /* LinkPasswordView.swift */,
				6536C1DCB094EC7F3D906E36 /* SignInFlowView.swift */,
				55E6EC8B7696BBDFD331B15D /* SignInView.swift */,
				59EB5BAD2756505E60042B77 /* VerifyEmailView.swift */,
			);
			path = Auth;
			sourceTree = "<group>";
		};
/* End PBXGroup section */

/* Begin PBXNativeTarget section */
		A5242ABB842D117E6CD42D14 /* Zeddius */ = {
			isa = PBXNativeTarget;
			buildConfigurationList = 7DC0B4DD06557651C7411152 /* Build configuration list for PBXNativeTarget "Zeddius" */;
			buildPhases = (
				D7707DD8E80997F173E7734F /* Sources */,
				75A871206006F5D7693E5B3B /* Resources */,
			);
			buildRules = (
			);
			dependencies = (
			);
			name = Zeddius;
			packageProductDependencies = (
			);
			productName = Zeddius;
			productReference = 72E0AB4B980EB0FC87C31206 /* Zeddius.app */;
			productType = "com.apple.product-type.application";
		};
/* End PBXNativeTarget section */

/* Begin PBXProject section */
		323510F9AAD48C2118E6B1E8 /* Project object */ = {
			isa = PBXProject;
			attributes = {
				BuildIndependentTargetsInParallel = YES;
				LastUpgradeCheck = 1430;
				TargetAttributes = {
					A5242ABB842D117E6CD42D14 = {
						DevelopmentTeam = 3XPMRGWL24;
						ProvisioningStyle = Automatic;
					};
				};
			};
			buildConfigurationList = A1066FDE2EE095DF13E8F934 /* Build configuration list for PBXProject "Zeddius" */;
			developmentRegion = en;
			hasScannedForEncodings = 0;
			knownRegions = (
				Base,
				en,
			);
			mainGroup = 20F869DD0675720BBBC607B0;
			minimizedProjectReferenceProxies = 1;
			preferredProjectObjectVersion = 77;
			productRefGroup = 8A9AB052A2DD01BD72C48129 /* Products */;
			projectDirPath = "";
			projectRoot = "";
			targets = (
				A5242ABB842D117E6CD42D14 /* Zeddius */,
			);
		};
/* End PBXProject section */

/* Begin PBXResourcesBuildPhase section */
		75A871206006F5D7693E5B3B /* Resources */ = {
			isa = PBXResourcesBuildPhase;
			buildActionMask = 2147483647;
			files = (
				0242DB74633BC7DF401D0017 /* Assets.xcassets in Resources */,
			);
			runOnlyForDeploymentPostprocessing = 0;
		};
/* End PBXResourcesBuildPhase section */

/* Begin PBXSourcesBuildPhase section */
		D7707DD8E80997F173E7734F /* Sources */ = {
			isa = PBXSourcesBuildPhase;
			buildActionMask = 2147483647;
			files = (
				20B4A723A593A6351B899CEB /* APIClient.swift in Sources */,
				F709C323589A15FC687AEFA9 /* APIError.swift in Sources */,
				4F1A42A6D180F6B862DE43E7 /* AddWeightEntryView.swift in Sources */,
				DC21A52731232472B0DB775E /* AuthFlowModel.swift in Sources */,
				55D2D0A5D00F371500708C15 /* AuthRequests.swift in Sources */,
				92DF82A4E1A33E0AD7980C0F /* AuthService.swift in Sources */,
				ED2A5BD29E084283D45B89B3 /* Coding.swift in Sources */,
				7E63EB71BEEF8EB8AABB29CD /* CompleteProfileView.swift in Sources */,
				5523984C481A62D939BA73D2 /* DecimalString.swift in Sources */,
				E06E1EC56241429FFAC1D587 /* EmailAuthView.swift in Sources */,
				5470DAF426D4765F50EE9866 /* KeychainService.swift in Sources */,
				7DDE4F42EC9B1BD0A1EB7AED /* LinkPasswordView.swift in Sources */,
				CB9D9D796BDD6D7F47406002 /* MainTabView.swift in Sources */,
				28D0FB2D1117845C7AE4A62F /* ProfileModel.swift in Sources */,
				B29461251955161C674A5A31 /* ProfileView.swift in Sources */,
				C123ACC869A07E05BE3722C6 /* RootView.swift in Sources */,
				45F131451CC8DAE19D1D51ED /* SignInFlowView.swift in Sources */,
				B33380219CC8CCC106FF1FCB /* SignInView.swift in Sources */,
				BE86522D44816934313D6AA0 /* User.swift in Sources */,
				5B74222BC1BEA62FDB1E45F0 /* VerifyEmailView.swift in Sources */,
				732448703710822D4BFE5A45 /* WeightListView.swift in Sources */,
				9FCA57B52BFF53D2D9F29D2C /* WeightLog.swift in Sources */,
				FA3851BF42DC747EE23A362F /* WeightLogModel.swift in Sources */,
				838E9D07C697D25BC9A758C8 /* ZeddiusApp.swift in Sources */,
			);
			runOnlyForDeploymentPostprocessing = 0;
		};
/* End PBXSourcesBuildPhase section */

/* Begin XCBuildConfiguration section */
		204AECB033DE14D5B908CDA1 /* Debug-Prod */ = {
			isa = XCBuildConfiguration;
			baseConfigurationReference = C97E4EB8C45148F0177710CF /* Prod.xcconfig */;
			buildSettings = {
				ALWAYS_SEARCH_USER_PATHS = NO;
				CLANG_ANALYZER_NONNULL = YES;
				CLANG_ANALYZER_NUMBER_OBJECT_CONVERSION = YES_AGGRESSIVE;
				CLANG_CXX_LANGUAGE_STANDARD = "gnu++14";
				CLANG_CXX_LIBRARY = "libc++";
				CLANG_ENABLE_MODULES = YES;
				CLANG_ENABLE_OBJC_ARC = YES;
				CLANG_ENABLE_OBJC_WEAK = YES;
				CLANG_WARN_BLOCK_CAPTURE_AUTORELEASING = YES;
				CLANG_WARN_BOOL_CONVERSION = YES;
				CLANG_WARN_COMMA = YES;
				CLANG_WARN_CONSTANT_CONVERSION = YES;
				CLANG_WARN_DEPRECATED_OBJC_IMPLEMENTATIONS = YES;
				CLANG_WARN_DIRECT_OBJC_ISA_USAGE = YES_ERROR;
				CLANG_WARN_DOCUMENTATION_COMMENTS = YES;
				CLANG_WARN_EMPTY_BODY = YES;
				CLANG_WARN_ENUM_CONVERSION = YES;
				CLANG_WARN_INFINITE_RECURSION = YES;
				CLANG_WARN_INT_CONVERSION = YES;
				CLANG_WARN_NON_LITERAL_NULL_CONVERSION = YES;
				CLANG_WARN_OBJC_IMPLICIT_RETAIN_SELF = YES;
				CLANG_WARN_OBJC_LITERAL_CONVERSION = YES;
				CLANG_WARN_OBJC_ROOT_CLASS = YES_ERROR;
				CLANG_WARN_QUOTED_INCLUDE_IN_FRAMEWORK_HEADER = YES;
				CLANG_WARN_RANGE_LOOP_ANALYSIS = YES;
				CLANG_WARN_STRICT_PROTOTYPES = YES;
				CLANG_WARN_SUSPICIOUS_MOVE = YES;
				CLANG_WARN_UNGUARDED_AVAILABILITY = YES_AGGRESSIVE;
				CLANG_WARN_UNREACHABLE_CODE = YES;
				CLANG_WARN__DUPLICATE_METHOD_MATCH = YES;
				COPY_PHASE_STRIP = NO;
				DEBUG_INFORMATION_FORMAT = dwarf;
				ENABLE_STRICT_OBJC_MSGSEND = YES;
				ENABLE_TESTABILITY = YES;
				GCC_C_LANGUAGE_STANDARD = gnu11;
				GCC_DYNAMIC_NO_PIC = NO;
				GCC_NO_COMMON_BLOCKS = YES;
				GCC_OPTIMIZATION_LEVEL = 0;
				GCC_PREPROCESSOR_DEFINITIONS = (
					"$(inherited)",
					"DEBUG=1",
				);
				GCC_WARN_64_TO_32_BIT_CONVERSION = YES;
				GCC_WARN_ABOUT_RETURN_TYPE = YES_ERROR;
				GCC_WARN_UNDECLARED_SELECTOR = YES;
				GCC_WARN_UNINITIALIZED_AUTOS = YES_AGGRESSIVE;
				GCC_WARN_UNUSED_FUNCTION = YES;
				GCC_WARN_UNUSED_VARIABLE = YES;
				IPHONEOS_DEPLOYMENT_TARGET = 18.0;
				MTL_ENABLE_DEBUG_INFO = INCLUDE_SOURCE;
				MTL_FAST_MATH = YES;
				ONLY_ACTIVE_ARCH = YES;
				PRODUCT_NAME = "$(TARGET_NAME)";
				SDKROOT = iphoneos;
				SWIFT_ACTIVE_COMPILATION_CONDITIONS = DEBUG;
				SWIFT_OPTIMIZATION_LEVEL = "-Onone";
				SWIFT_STRICT_CONCURRENCY = complete;
				SWIFT_VERSION = 6.0;
			};
			name = "Debug-Prod";
		};
		4DBD3AA9E48144E3550ADAD2 /* Release-Dev */ = {
			isa = XCBuildConfiguration;
			baseConfigurationReference = 450AB58123CB6F5BA7BD6945 /* Dev.xcconfig */;
			buildSettings = {
				ALWAYS_SEARCH_USER_PATHS = NO;
				CLANG_ANALYZER_NONNULL = YES;
				CLANG_ANALYZER_NUMBER_OBJECT_CONVERSION = YES_AGGRESSIVE;
				CLANG_CXX_LANGUAGE_STANDARD = "gnu++14";
				CLANG_CXX_LIBRARY = "libc++";
				CLANG_ENABLE_MODULES = YES;
				CLANG_ENABLE_OBJC_ARC = YES;
				CLANG_ENABLE_OBJC_WEAK = YES;
				CLANG_WARN_BLOCK_CAPTURE_AUTORELEASING = YES;
				CLANG_WARN_BOOL_CONVERSION = YES;
				CLANG_WARN_COMMA = YES;
				CLANG_WARN_CONSTANT_CONVERSION = YES;
				CLANG_WARN_DEPRECATED_OBJC_IMPLEMENTATIONS = YES;
				CLANG_WARN_DIRECT_OBJC_ISA_USAGE = YES_ERROR;
				CLANG_WARN_DOCUMENTATION_COMMENTS = YES;
				CLANG_WARN_EMPTY_BODY = YES;
				CLANG_WARN_ENUM_CONVERSION = YES;
				CLANG_WARN_INFINITE_RECURSION = YES;
				CLANG_WARN_INT_CONVERSION = YES;
				CLANG_WARN_NON_LITERAL_NULL_CONVERSION = YES;
				CLANG_WARN_OBJC_IMPLICIT_RETAIN_SELF = YES;
				CLANG_WARN_OBJC_LITERAL_CONVERSION = YES;
				CLANG_WARN_OBJC_ROOT_CLASS = YES_ERROR;
				CLANG_WARN_QUOTED_INCLUDE_IN_FRAMEWORK_HEADER = YES;
				CLANG_WARN_RANGE_LOOP_ANALYSIS = YES;
				CLANG_WARN_STRICT_PROTOTYPES = YES;
				CLANG_WARN_SUSPICIOUS_MOVE = YES;
				CLANG_WARN_UNGUARDED_AVAILABILITY = YES_AGGRESSIVE;
				CLANG_WARN_UNREACHABLE_CODE = YES;
				CLANG_WARN__DUPLICATE_METHOD_MATCH = YES;
				COPY_PHASE_STRIP = NO;
				DEBUG_INFORMATION_FORMAT = "dwarf-with-dsym";
				ENABLE_NS_ASSERTIONS = NO;
				ENABLE_STRICT_OBJC_MSGSEND = YES;
				GCC_C_LANGUAGE_STANDARD = gnu11;
				GCC_NO_COMMON_BLOCKS = YES;
				GCC_WARN_64_TO_32_BIT_CONVERSION = YES;
				GCC_WARN_ABOUT_RETURN_TYPE = YES_ERROR;
				GCC_WARN_UNDECLARED_SELECTOR = YES;
				GCC_WARN_UNINITIALIZED_AUTOS = YES_AGGRESSIVE;
				GCC_WARN_UNUSED_FUNCTION = YES;
				GCC_WARN_UNUSED_VARIABLE = YES;
				IPHONEOS_DEPLOYMENT_TARGET = 18.0;
				MTL_ENABLE_DEBUG_INFO = NO;
				MTL_FAST_MATH = YES;
				PRODUCT_NAME = "$(TARGET_NAME)";
				SDKROOT = iphoneos;
				SWIFT_COMPILATION_MODE = wholemodule;
				SWIFT_OPTIMIZATION_LEVEL = "-O";
				SWIFT_STRICT_CONCURRENCY = complete;
				SWIFT_VERSION = 6.0;
			};
			name = "Release-Dev";
		};
		770024980D25458343BB9460 /* Debug-Dev */ = {
			isa = XCBuildConfiguration;
			buildSettings = {
				ASSETCATALOG_COMPILER_APPICON_NAME = AppIcon;
				ASSETCATALOG_COMPILER_GLOBAL_ACCENT_COLOR_NAME = AccentColor;
				CODE_SIGN_ENTITLEMENTS = Zeddius/Zeddius.entitlements;
				CODE_SIGN_IDENTITY = "iPhone Developer";
				CODE_SIGN_STYLE = Automatic;
				CURRENT_PROJECT_VERSION = 1;
				DEVELOPMENT_TEAM = 3XPMRGWL24;
				INFOPLIST_FILE = Zeddius/Info.plist;
				IPHONEOS_DEPLOYMENT_TARGET = 18.0;
				LD_RUNPATH_SEARCH_PATHS = (
					"$(inherited)",
					"@executable_path/Frameworks",
				);
				MARKETING_VERSION = 0.1;
				SDKROOT = iphoneos;
				SWIFT_VERSION = 6.0;
				TARGETED_DEVICE_FAMILY = 1;
			};
			name = "Debug-Dev";
		};
		7FC0D018518B9A1DC3F69A91 /* Debug-Dev */ = {
			isa = XCBuildConfiguration;
			baseConfigurationReference = 450AB58123CB6F5BA7BD6945 /* Dev.xcconfig */;
			buildSettings = {
				ALWAYS_SEARCH_USER_PATHS = NO;
				CLANG_ANALYZER_NONNULL = YES;
				CLANG_ANALYZER_NUMBER_OBJECT_CONVERSION = YES_AGGRESSIVE;
				CLANG_CXX_LANGUAGE_STANDARD = "gnu++14";
				CLANG_CXX_LIBRARY = "libc++";
				CLANG_ENABLE_MODULES = YES;
				CLANG_ENABLE_OBJC_ARC = YES;
				CLANG_ENABLE_OBJC_WEAK = YES;
				CLANG_WARN_BLOCK_CAPTURE_AUTORELEASING = YES;
				CLANG_WARN_BOOL_CONVERSION = YES;
				CLANG_WARN_COMMA = YES;
				CLANG_WARN_CONSTANT_CONVERSION = YES;
				CLANG_WARN_DEPRECATED_OBJC_IMPLEMENTATIONS = YES;
				CLANG_WARN_DIRECT_OBJC_ISA_USAGE = YES_ERROR;
				CLANG_WARN_DOCUMENTATION_COMMENTS = YES;
				CLANG_WARN_EMPTY_BODY = YES;
				CLANG_WARN_ENUM_CONVERSION = YES;
				CLANG_WARN_INFINITE_RECURSION = YES;
				CLANG_WARN_INT_CONVERSION = YES;
				CLANG_WARN_NON_LITERAL_NULL_CONVERSION = YES;
				CLANG_WARN_OBJC_IMPLICIT_RETAIN_SELF = YES;
				CLANG_WARN_OBJC_LITERAL_CONVERSION = YES;
				CLANG_WARN_OBJC_ROOT_CLASS = YES_ERROR;
				CLANG_WARN_QUOTED_INCLUDE_IN_FRAMEWORK_HEADER = YES;
				CLANG_WARN_RANGE_LOOP_ANALYSIS = YES;
				CLANG_WARN_STRICT_PROTOTYPES = YES;
				CLANG_WARN_SUSPICIOUS_MOVE = YES;
				CLANG_WARN_UNGUARDED_AVAILABILITY = YES_AGGRESSIVE;
				CLANG_WARN_UNREACHABLE_CODE = YES;
				CLANG_WARN__DUPLICATE_METHOD_MATCH = YES;
				COPY_PHASE_STRIP = NO;
				DEBUG_INFORMATION_FORMAT = dwarf;
				ENABLE_STRICT_OBJC_MSGSEND = YES;
				ENABLE_TESTABILITY = YES;
				GCC_C_LANGUAGE_STANDARD = gnu11;
				GCC_DYNAMIC_NO_PIC = NO;
				GCC_NO_COMMON_BLOCKS = YES;
				GCC_OPTIMIZATION_LEVEL = 0;
				GCC_PREPROCESSOR_DEFINITIONS = (
					"$(inherited)",
					"DEBUG=1",
				);
				GCC_WARN_64_TO_32_BIT_CONVERSION = YES;
				GCC_WARN_ABOUT_RETURN_TYPE = YES_ERROR;
				GCC_WARN_UNDECLARED_SELECTOR = YES;
				GCC_WARN_UNINITIALIZED_AUTOS = YES_AGGRESSIVE;
				GCC_WARN_UNUSED_FUNCTION = YES;
				GCC_WARN_UNUSED_VARIABLE = YES;
				IPHONEOS_DEPLOYMENT_TARGET = 18.0;
				MTL_ENABLE_DEBUG_INFO = INCLUDE_SOURCE;
				MTL_FAST_MATH = YES;
				ONLY_ACTIVE_ARCH = YES;
				PRODUCT_NAME = "$(TARGET_NAME)";
				SDKROOT = iphoneos;
				SWIFT_ACTIVE_COMPILATION_CONDITIONS = DEBUG;
				SWIFT_OPTIMIZATION_LEVEL = "-Onone";
				SWIFT_STRICT_CONCURRENCY = complete;
				SWIFT_VERSION = 6.0;
			};
			name = "Debug-Dev";
		};
		A0E202824F46E8B2AB24003C /* Debug-Prod */ = {
			isa = XCBuildConfiguration;
			buildSettings = {
				ASSETCATALOG_COMPILER_APPICON_NAME = AppIcon;
				ASSETCATALOG_COMPILER_GLOBAL_ACCENT_COLOR_NAME = AccentColor;
				CODE_SIGN_ENTITLEMENTS = Zeddius/Zeddius.entitlements;
				CODE_SIGN_IDENTITY = "iPhone Developer";
				CODE_SIGN_STYLE = Automatic;
				CURRENT_PROJECT_VERSION = 1;
				DEVELOPMENT_TEAM = 3XPMRGWL24;
				INFOPLIST_FILE = Zeddius/Info.plist;
				IPHONEOS_DEPLOYMENT_TARGET = 18.0;
				LD_RUNPATH_SEARCH_PATHS = (
					"$(inherited)",
					"@executable_path/Frameworks",
				);
				MARKETING_VERSION = 0.1;
				SDKROOT = iphoneos;
				SWIFT_VERSION = 6.0;
				TARGETED_DEVICE_FAMILY = 1;
			};
			name = "Debug-Prod";
		};
		B9409CAD5D893C85922F4459 /* Release-Prod */ = {
			isa = XCBuildConfiguration;
			baseConfigurationReference = C97E4EB8C45148F0177710CF /* Prod.xcconfig */;
			buildSettings = {
				ALWAYS_SEARCH_USER_PATHS = NO;
				CLANG_ANALYZER_NONNULL = YES;
				CLANG_ANALYZER_NUMBER_OBJECT_CONVERSION = YES_AGGRESSIVE;
				CLANG_CXX_LANGUAGE_STANDARD = "gnu++14";
				CLANG_CXX_LIBRARY = "libc++";
				CLANG_ENABLE_MODULES = YES;
				CLANG_ENABLE_OBJC_ARC = YES;
				CLANG_ENABLE_OBJC_WEAK = YES;
				CLANG_WARN_BLOCK_CAPTURE_AUTORELEASING = YES;
				CLANG_WARN_BOOL_CONVERSION = YES;
				CLANG_WARN_COMMA = YES;
				CLANG_WARN_CONSTANT_CONVERSION = YES;
				CLANG_WARN_DEPRECATED_OBJC_IMPLEMENTATIONS = YES;
				CLANG_WARN_DIRECT_OBJC_ISA_USAGE = YES_ERROR;
				CLANG_WARN_DOCUMENTATION_COMMENTS = YES;
				CLANG_WARN_EMPTY_BODY = YES;
				CLANG_WARN_ENUM_CONVERSION = YES;
				CLANG_WARN_INFINITE_RECURSION = YES;
				CLANG_WARN_INT_CONVERSION = YES;
				CLANG_WARN_NON_LITERAL_NULL_CONVERSION = YES;
				CLANG_WARN_OBJC_IMPLICIT_RETAIN_SELF = YES;
				CLANG_WARN_OBJC_LITERAL_CONVERSION = YES;
				CLANG_WARN_OBJC_ROOT_CLASS = YES_ERROR;
				CLANG_WARN_QUOTED_INCLUDE_IN_FRAMEWORK_HEADER = YES;
				CLANG_WARN_RANGE_LOOP_ANALYSIS = YES;
				CLANG_WARN_STRICT_PROTOTYPES = YES;
				CLANG_WARN_SUSPICIOUS_MOVE = YES;
				CLANG_WARN_UNGUARDED_AVAILABILITY = YES_AGGRESSIVE;
				CLANG_WARN_UNREACHABLE_CODE = YES;
				CLANG_WARN__DUPLICATE_METHOD_MATCH = YES;
				COPY_PHASE_STRIP = NO;
				DEBUG_INFORMATION_FORMAT = "dwarf-with-dsym";
				ENABLE_NS_ASSERTIONS = NO;
				ENABLE_STRICT_OBJC_MSGSEND = YES;
				GCC_C_LANGUAGE_STANDARD = gnu11;
				GCC_NO_COMMON_BLOCKS = YES;
				GCC_WARN_64_TO_32_BIT_CONVERSION = YES;
				GCC_WARN_ABOUT_RETURN_TYPE = YES_ERROR;
				GCC_WARN_UNDECLARED_SELECTOR = YES;
				GCC_WARN_UNINITIALIZED_AUTOS = YES_AGGRESSIVE;
				GCC_WARN_UNUSED_FUNCTION = YES;
				GCC_WARN_UNUSED_VARIABLE = YES;
				IPHONEOS_DEPLOYMENT_TARGET = 18.0;
				MTL_ENABLE_DEBUG_INFO = NO;
				MTL_FAST_MATH = YES;
				PRODUCT_NAME = "$(TARGET_NAME)";
				SDKROOT = iphoneos;
				SWIFT_COMPILATION_MODE = wholemodule;
				SWIFT_OPTIMIZATION_LEVEL = "-O";
				SWIFT_STRICT_CONCURRENCY = complete;
				SWIFT_VERSION = 6.0;
			};
			name = "Release-Prod";
		};
		B9DDDE53C385F5176CD9035D /* Release-Prod */ = {
			isa = XCBuildConfiguration;
			buildSettings = {
				ASSETCATALOG_COMPILER_APPICON_NAME = AppIcon;
				ASSETCATALOG_COMPILER_GLOBAL_ACCENT_COLOR_NAME = AccentColor;
				CODE_SIGN_ENTITLEMENTS = Zeddius/Zeddius.entitlements;
				CODE_SIGN_IDENTITY = "iPhone Developer";
				CODE_SIGN_STYLE = Automatic;
				CURRENT_PROJECT_VERSION = 1;
				DEVELOPMENT_TEAM = 3XPMRGWL24;
				INFOPLIST_FILE = Zeddius/Info.plist;
				IPHONEOS_DEPLOYMENT_TARGET = 18.0;
				LD_RUNPATH_SEARCH_PATHS = (
					"$(inherited)",
					"@executable_path/Frameworks",
				);
				MARKETING_VERSION = 0.1;
				SDKROOT = iphoneos;
				SWIFT_VERSION = 6.0;
				TARGETED_DEVICE_FAMILY = 1;
			};
			name = "Release-Prod";
		};
		EEADF9F0362C7250EA4AD02D /* Release-Dev */ = {
			isa = XCBuildConfiguration;
			buildSettings = {
				ASSETCATALOG_COMPILER_APPICON_NAME = AppIcon;
				ASSETCATALOG_COMPILER_GLOBAL_ACCENT_COLOR_NAME = AccentColor;
				CODE_SIGN_ENTITLEMENTS = Zeddius/Zeddius.entitlements;
				CODE_SIGN_IDENTITY = "iPhone Developer";
				CODE_SIGN_STYLE = Automatic;
				CURRENT_PROJECT_VERSION = 1;
				DEVELOPMENT_TEAM = 3XPMRGWL24;
				INFOPLIST_FILE = Zeddius/Info.plist;
				IPHONEOS_DEPLOYMENT_TARGET = 18.0;
				LD_RUNPATH_SEARCH_PATHS = (
					"$(inherited)",
					"@executable_path/Frameworks",
				);
				MARKETING_VERSION = 0.1;
				SDKROOT = iphoneos;
				SWIFT_VERSION = 6.0;
				TARGETED_DEVICE_FAMILY = 1;
			};
			name = "Release-Dev";
		};
/* End XCBuildConfiguration section */

/* Begin XCConfigurationList section */
		7DC0B4DD06557651C7411152 /* Build configuration list for PBXNativeTarget "Zeddius" */ = {
			isa = XCConfigurationList;
			buildConfigurations = (
				770024980D25458343BB9460 /* Debug-Dev */,
				A0E202824F46E8B2AB24003C /* Debug-Prod */,
				EEADF9F0362C7250EA4AD02D /* Release-Dev */,
				B9DDDE53C385F5176CD9035D /* Release-Prod */,
			);
			defaultConfigurationIsVisible = 0;
			defaultConfigurationName = "Debug-Dev";
		};
		A1066FDE2EE095DF13E8F934 /* Build configuration list for PBXProject "Zeddius" */ = {
			isa = XCConfigurationList;
			buildConfigurations = (
				7FC0D018518B9A1DC3F69A91 /* Debug-Dev */,
				204AECB033DE14D5B908CDA1 /* Debug-Prod */,
				4DBD3AA9E48144E3550ADAD2 /* Release-Dev */,
				B9409CAD5D893C85922F4459 /* Release-Prod */,
			);
			defaultConfigurationIsVisible = 0;
			defaultConfigurationName = "Debug-Dev";
		};
/* End XCConfigurationList section */
	};
	rootObject = 323510F9AAD48C2118E6B1E8 /* Project object */;
}
